
Microsoft Visual Studio Solution File, Format Version 12.00
# Visual Studio Version 16
VisualStudioVersion = 16.0.30907.101
MinimumVisualStudioVersion = 10.0.40219.1
Project("{FAE04EC0-301F-11D3-BF4B-00C04F79EFBC}") = "BHCustCtrl", "..\BHCustCtrl\BHCustCtrl.csproj", "{F1A58222-2E9D-42CC-8B98-5CF80E6BE50A}"
EndProject
Project("{FAE04EC0-301F-11D3-BF4B-00C04F79EFBC}") = "RetailManagementSystem", "RetailManagementSystem.csproj", "{DE846E07-ED5C-4C9F-9251-CC937E1D3DAE}"
EndProject
Global
	GlobalSection(SolutionConfigurationPlatforms) = preSolution
		Debug|Any CPU = Debug|Any CPU
		DebugPOS|Any CPU = DebugPOS|Any CPU
		Release|Any CPU = Release|Any CPU
	EndGlobalSection
	GlobalSection(ProjectConfigurationPlatforms) = postSolution
		{F1A58222-2E9D-42CC-8B98-5CF80E6BE50A}.Debug|Any CPU.ActiveCfg = Debug|Any CPU
		{F1A58222-2E9D-42CC-8B98-5CF80E6BE50A}.Debug|Any CPU.Build.0 = Debug|Any CPU
		{F1A58222-2E9D-42CC-8B98-5CF80E6BE50A}.DebugPOS|Any CPU.ActiveCfg = DebugPOS|Any CPU
		{F1A58222-2E9D-42CC-8B98-5CF80E6BE50A}.DebugPOS|Any CPU.Build.0 = DebugPOS|Any CPU
		{F1A58222-2E9D-42CC-8B98-5CF80E6BE50A}.Release|Any CPU.ActiveCfg = Release|Any CPU
		{F1A58222-2E9D-42CC-8B98-5CF80E6BE50A}.Release|Any CPU.Build.0 = Release|Any CPU
		{DE846E07-ED5C-4C9F-9251-CC937E1D3DAE}.Debug|Any CPU.ActiveCfg = Debug|Any CPU
		{DE846E07-ED5C-4C9F-9251-CC937E1D3DAE}.Debug|Any CPU.Build.0 = Debug|Any CPU
		{DE846E07-ED5C-4C9F-9251-CC937E1D3DAE}.DebugPOS|Any CPU.ActiveCfg = DebugPOS|Any CPU
		{DE846E07-ED5C-4C9F-9251-CC937E1D3DAE}.DebugPOS|Any CPU.Build.0 = DebugPOS|Any CPU
		{DE846E07-ED5C-4C9F-9251-CC937E1D3DAE}.Release|Any CPU.ActiveCfg = Release|Any CPU
		{DE846E07-ED5C-4C9F-9251-CC937E1D3DAE}.Release|Any CPU.Build.0 = Release|Any CPU
	EndGlobalSection
	GlobalSection(SolutionProperties) = preSolution
		HideSolutionNode = FALSE
	EndGlobalSection
	GlobalSection(ExtensibilityGlobals) = postSolution
		SolutionGuid = {1C8526DC-9D77-4ECF-B03A-49B328A23626}
	EndGlobalSection
EndGlobal
